// !$*UTF8*$!
{
	archiveVersion = 1;
	classes = {
	};
	objectVersion = 56;
	objects = {

/* Begin PBXBuildFile section */
		200C223A2AAC864E00545FC1 /* totp.c in Sources */ = {isa = PBXBuildFile; fileRef = 200C22392AAC864E00545FC1 /* totp.c */; };
		201DB5B62AB6400E00E4F5DD /* DBEditorViewController.m in Sources */ = {isa = PBXBuildFile; fileRef = 201DB5B52AB6400E00E4F5DD /* DBEditorViewController.m */; };
		204D5F2F2AA6F2FC00AE8BEC /* AppDelegate.m in Sources */ = {isa = PBXBuildFile; fileRef = 204D5F2E2AA6F2FC00AE8BEC /* AppDelegate.m */; };
		204D5F322AA6F2FC00AE8BEC /* SceneDelegate.m in Sources */ = {isa = PBXBuildFile; fileRef = 204D5F312AA6F2FC00AE8BEC /* SceneDelegate.m */; };
		204D5F352AA6F2FC00AE8BEC /* CodeListViewController.m in Sources */ = {isa = PBXBuildFile; fileRef = 204D5F342AA6F2FC00AE8BEC /* CodeListViewController.m */; };
		204D5F382AA6F2FC00AE8BEC /* Main.storyboard in Resources */ = {isa = PBXBuildFile; fileRef = 204D5F362AA6F2FC00AE8BEC /* Main.storyboard */; };
		204D5F3A2AA6F2FD00AE8BEC /* Assets.xcassets in Resources */ = {isa = PBXBuildFile; fileRef = 204D5F392AA6F2FD00AE8BEC /* Assets.xcassets */; };
		204D5F3D2AA6F2FD00AE8BEC /* LaunchScreen.storyboard in Resources */ = {isa = PBXBuildFile; fileRef = 204D5F3B2AA6F2FD00AE8BEC /* LaunchScreen.storyboard */; };
		204D5F402AA6F2FD00AE8BEC /* main.m in Sources */ = {isa = PBXBuildFile; fileRef = 204D5F3F2AA6F2FD00AE8BEC /* main.m */; };
		204D5F482AA6F31900AE8BEC /* keychip2.m in Sources */ = {isa = PBXBuildFile; fileRef = 204D5F462AA6F31800AE8BEC /* keychip2.m */; };
		20B844392AB59CE100A34C5B /* CodeCell.m in Sources */ = {isa = PBXBuildFile; fileRef = 20B844382AB59CE100A34C5B /* CodeCell.m */; };
		20B8443C2AB6169300A34C5B /* ObjTOTP.m in Sources */ = {isa = PBXBuildFile; fileRef = 20B8443B2AB6169300A34C5B /* ObjTOTP.m */; };
/* End PBXBuildFile section */

/* Begin PBXFileReference section */
		200C22382AAC864E00545FC1 /* totp.h */ = {isa = PBXFileReference; lastKnownFileType = sourcecode.c.h; path = totp.h; sourceTree = "<group>"; };
		200C22392AAC864E00545FC1 /* totp.c */ = {isa = PBXFileReference; lastKnownFileType = sourcecode.c.c; path = totp.c; sourceTree = "<group>"; };
		201DB5B42AB6400E00E4F5DD /* DBEditorViewController.h */ = {isa = PBXFileReference; lastKnownFileType = sourcecode.c.h; path = DBEditorViewController.h; sourceTree = "<group>"; };
		201DB5B52AB6400E00E4F5DD /* DBEditorViewController.m */ = {isa = PBXFileReference; lastKnownFileType = sourcecode.c.objc; path = DBEditorViewController.m; sourceTree = "<group>"; };
		2040F7772AB65296007ADD7B /* VisionKit.framework */ = {isa = PBXFileReference; lastKnownFileType = wrapper.framework; name = VisionKit.framework; path = System/Library/Frameworks/VisionKit.framework; sourceTree = SDKROOT; };
		2040F7792AB652AF007ADD7B /* AVFoundation.framework */ = {isa = PBXFileReference; lastKnownFileType = wrapper.framework; name = AVFoundation.framework; path = System/Library/Frameworks/AVFoundation.framework; sourceTree = SDKROOT; };
		204D5F2A2AA6F2FC00AE8BEC /* totp.app */ = {isa = PBXFileReference; explicitFileType = wrapper.application; includeInIndex = 0; path = totp.app; sourceTree = BUILT_PRODUCTS_DIR; };
		204D5F2D2AA6F2FC00AE8BEC /* AppDelegate.h */ = {isa = PBXFileReference; lastKnownFileType = sourcecode.c.h; path = AppDelegate.h; sourceTree = "<group>"; };
		204D5F2E2AA6F2FC00AE8BEC /* AppDelegate.m */ = {isa = PBXFileReference; lastKnownFileType = sourcecode.c.objc; path = AppDelegate.m; sourceTree = "<group>"; };
		204D5F302AA6F2FC00AE8BEC /* SceneDelegate.h */ = {isa = PBXFileReference; lastKnownFileType = sourcecode.c.h; path = SceneDelegate.h; sourceTree = "<group>"; };
		204D5F312AA6F2FC00AE8BEC /* SceneDelegate.m */ = {isa = PBXFileReference; lastKnownFileType = sourcecode.c.objc; path = SceneDelegate.m; sourceTree = "<group>"; };
		204D5F332AA6F2FC00AE8BEC /* CodeListViewController.h */ = {isa = PBXFileReference; lastKnownFileType = sourcecode.c.h; path = CodeListViewController.h; sourceTree = "<group>"; };
		204D5F342AA6F2FC00AE8BEC /* CodeListViewController.m */ = {isa = PBXFileReference; lastKnownFileType = sourcecode.c.objc; path = CodeListViewController.m; sourceTree = "<group>"; };
		204D5F372AA6F2FC00AE8BEC /* Base */ = {isa = PBXFileReference; lastKnownFileType = file.storyboard; name = Base; path = Base.lproj/Main.storyboard; sourceTree = "<group>"; };
		204D5F392AA6F2FD00AE8BEC /* Assets.xcassets */ = {isa = PBXFileReference; lastKnownFileType = folder.assetcatalog; path = Assets.xcassets; sourceTree = "<group>"; };
		204D5F3C2AA6F2FD00AE8BEC /* Base */ = {isa = PBXFileReference; lastKnownFileType = file.storyboard; name = Base; path = Base.lproj/LaunchScreen.storyboard; sourceTree = "<group>"; };
		204D5F3E2AA6F2FD00AE8BEC /* Info.plist */ = {isa = PBXFileReference; lastKnownFileType = text.plist.xml; path = Info.plist; sourceTree = "<group>"; };
		204D5F3F2AA6F2FD00AE8BEC /* main.m */ = {isa = PBXFileReference; lastKnownFileType = sourcecode.c.objc; path = main.m; sourceTree = "<group>"; };
		204D5F462AA6F31800AE8BEC /* keychip2.m */ = {isa = PBXFileReference; fileEncoding = 4; lastKnownFileType = sourcecode.c.objc; path = keychip2.m; sourceTree = "<group>"; };
		204D5F472AA6F31900AE8BEC /* keychip2.h */ = {isa = PBXFileReference; fileEncoding = 4; lastKnownFileType = sourcecode.c.h; path = keychip2.h; sourceTree = "<group>"; };
		20B844372AB59CE100A34C5B /* CodeCell.h */ = {isa = PBXFileReference; lastKnownFileType = sourcecode.c.h; path = CodeCell.h; sourceTree = "<group>"; };
		20B844382AB59CE100A34C5B /* CodeCell.m */ = {isa = PBXFileReference; lastKnownFileType = sourcecode.c.objc; path = CodeCell.m; sourceTree = "<group>"; };
		20B8443A2AB6169300A34C5B /* ObjTOTP.h */ = {isa = PBXFileReference; lastKnownFileType = sourcecode.c.h; path = ObjTOTP.h; sourceTree = "<group>"; };
		20B8443B2AB6169300A34C5B /* ObjTOTP.m */ = {isa = PBXFileReference; lastKnownFileType = sourcecode.c.objc; path = ObjTOTP.m; sourceTree = "<group>"; };
/* End PBXFileReference section */

/* Begin PBXFrameworksBuildPhase section */
		204D5F272AA6F2FC00AE8BEC /* Frameworks */ = {
			isa = PBXFrameworksBuildPhase;
			buildActionMask = 2147483647;
			files = (
			);
			runOnlyForDeploymentPostprocessing = 0;
		};
/* End PBXFrameworksBuildPhase section */

/* Begin PBXGroup section */
		2040F7762AB65296007ADD7B /* Frameworks */ = {
			isa = PBXGroup;
			children = (
				2040F7792AB652AF007ADD7B /* AVFoundation.framework */,
				2040F7772AB65296007ADD7B /* VisionKit.framework */,
			);
			name = Frameworks;
			sourceTree = "<group>";
		};
		204D5F212AA6F2FC00AE8BEC = {
			isa = PBXGroup;
			children = (
				204D5F2C2AA6F2FC00AE8BEC /* totp */,
				204D5F2B2AA6F2FC00AE8BEC /* Products */,
				2040F7762AB65296007ADD7B /* Frameworks */,
			);
			sourceTree = "<group>";
		};
		204D5F2B2AA6F2FC00AE8BEC /* Products */ = {
			isa = PBXGroup;
			children = (
				204D5F2A2AA6F2FC00AE8BEC /* totp.app */,
			);
			name = Products;
			sourceTree = "<group>";
		};
		204D5F2C2AA6F2FC00AE8BEC /* totp */ = {
			isa = PBXGroup;
			children = (
				204D5F2D2AA6F2FC00AE8BEC /* AppDelegate.h */,
				204D5F2E2AA6F2FC00AE8BEC /* AppDelegate.m */,
				204D5F392AA6F2FD00AE8BEC /* Assets.xcassets */,
				20B844372AB59CE100A34C5B /* CodeCell.h */,
				20B844382AB59CE100A34C5B /* CodeCell.m */,
				204D5F332AA6F2FC00AE8BEC /* CodeListViewController.h */,
				204D5F342AA6F2FC00AE8BEC /* CodeListViewController.m */,
				201DB5B42AB6400E00E4F5DD /* DBEditorViewController.h */,
				201DB5B52AB6400E00E4F5DD /* DBEditorViewController.m */,
				204D5F3E2AA6F2FD00AE8BEC /* Info.plist */,
				204D5F472AA6F31900AE8BEC /* keychip2.h */,
				204D5F462AA6F31800AE8BEC /* keychip2.m */,
				204D5F3B2AA6F2FD00AE8BEC /* LaunchScreen.storyboard */,
				204D5F3F2AA6F2FD00AE8BEC /* main.m */,
				204D5F362AA6F2FC00AE8BEC /* Main.storyboard */,
				20B8443A2AB6169300A34C5B /* ObjTOTP.h */,
				20B8443B2AB6169300A34C5B /* ObjTOTP.m */,
				204D5F302AA6F2FC00AE8BEC /* SceneDelegate.h */,
				204D5F312AA6F2FC00AE8BEC /* SceneDelegate.m */,
				200C22392AAC864E00545FC1 /* totp.c */,
				200C22382AAC864E00545FC1 /* totp.h */,
			);
			path = totp;
			sourceTree = "<group>";
		};
/* End PBXGroup section */

/* Begin PBXNativeTarget section */
		204D5F292AA6F2FC00AE8BEC /* totp */ = {
			isa = PBXNativeTarget;
			buildConfigurationList = 204D5F432AA6F2FD00AE8BEC /* Build configuration list for PBXNativeTarget "totp" */;
			buildPhases = (
				204D5F262AA6F2FC00AE8BEC /* Sources */,
				204D5F272AA6F2FC00AE8BEC /* Frameworks */,
				204D5F282AA6F2FC00AE8BEC /* Resources */,
			);
			buildRules = (
			);
			dependencies = (
			);
			name = totp;
			productName = totp;
			productReference = 204D5F2A2AA6F2FC00AE8BEC /* totp.app */;
			productType = "com.apple.product-type.application";
		};
/* End PBXNativeTarget section */

/* Begin PBXProject section */
		204D5F222AA6F2FC00AE8BEC /* Project object */ = {
			isa = PBXProject;
			attributes = {
				BuildIndependentTargetsInParallel = 1;
				LastUpgradeCheck = 1430;
				TargetAttributes = {
					204D5F292AA6F2FC00AE8BEC = {
						CreatedOnToolsVersion = 14.3.1;
					};
				};
			};
			buildConfigurationList = 204D5F252AA6F2FC00AE8BEC /* Build configuration list for PBXProject "totp" */;
			compatibilityVersion = "Xcode 14.0";
			developmentRegion = en;
			hasScannedForEncodings = 0;
			knownRegions = (
				en,
				Base,
			);
			mainGroup = 204D5F212AA6F2FC00AE8BEC;
			productRefGroup = 204D5F2B2AA6F2FC00AE8BEC /* Products */;
			projectDirPath = "";
			projectRoot = "";
			targets = (
				204D5F292AA6F2FC00AE8BEC /* totp */,
			);
		};
/* End PBXProject section */

/* Begin PBXResourcesBuildPhase section */
		204D5F282AA6F2FC00AE8BEC /* Resources */ = {
			isa = PBXResourcesBuildPhase;
			buildActionMask = 2147483647;
			files = (
				204D5F3D2AA6F2FD00AE8BEC /* LaunchScreen.storyboard in Resources */,
				204D5F3A2AA6F2FD00AE8BEC /* Assets.xcassets in Resources */,
				204D5F382AA6F2FC00AE8BEC /* Main.storyboard in Resources */,
			);
			runOnlyForDeploymentPostprocessing = 0;
		};
/* End PBXResourcesBuildPhase section */

/* Begin PBXSourcesBuildPhase section */
		204D5F262AA6F2FC00AE8BEC /* Sources */ = {
			isa = PBXSourcesBuildPhase;
			buildActionMask = 2147483647;
			files = (
				204D5F482AA6F31900AE8BEC /* keychip2.m in Sources */,
				204D5F352AA6F2FC00AE8BEC /* CodeListViewController.m in Sources */,
				204D5F2F2AA6F2FC00AE8BEC /* AppDelegate.m in Sources */,
				204D5F402AA6F2FD00AE8BEC /* main.m in Sources */,
				201DB5B62AB6400E00E4F5DD /* DBEditorViewController.m in Sources */,
				20B844392AB59CE100A34C5B /* CodeCell.m in Sources */,
				200C223A2AAC864E00545FC1 /* totp.c in Sources */,
				20B8443C2AB6169300A34C5B /* ObjTOTP.m in Sources */,
				204D5F322AA6F2FC00AE8BEC /* SceneDelegate.m in Sources */,
			);
			runOnlyForDeploymentPostprocessing = 0;
		};
/* End PBXSourcesBuildPhase section */

/* Begin PBXVariantGroup section */
		204D5F362AA6F2FC00AE8BEC /* Main.storyboard */ = {
			isa = PBXVariantGroup;
			children = (
				204D5F372AA6F2FC00AE8BEC /* Base */,
			);
			name = Main.storyboard;
			sourceTree = "<group>";
		};
		204D5F3B2AA6F2FD00AE8BEC /* LaunchScreen.storyboard */ = {
			isa = PBXVariantGroup;
			children = (
				204D5F3C2AA6F2FD00AE8BEC /* Base */,
			);
			name = LaunchScreen.storyboard;
			sourceTree = "<group>";
		};
/* End PBXVariantGroup section */

/* Begin XCBuildConfiguration section */
		204D5F412AA6F2FD00AE8BEC /* Debug */ = {
			isa = XCBuildConfiguration;
			buildSettings = {
				ALWAYS_SEARCH_USER_PATHS = NO;
				CLANG_ANALYZER_NONNULL = YES;
				CLANG_ANALYZER_NUMBER_OBJECT_CONVERSION = YES_AGGRESSIVE;
				CLANG_CXX_LANGUAGE_STANDARD = "gnu++20";
				CLANG_ENABLE_MODULES = YES;
				CLANG_ENABLE_OBJC_ARC = YES;
				CLANG_ENABLE_OBJC_WEAK = YES;
				CLANG_WARN_BLOCK_CAPTURE_AUTORELEASING = YES;
				CLANG_WARN_BOOL_CONVERSION = YES;
				CLANG_WARN_COMMA = YES;
				CLANG_WARN_CONSTANT_CONVERSION = YES;
				CLANG_WARN_DEPRECATED_OBJC_IMPLEMENTATIONS = YES;
				CLANG_WARN_DIRECT_OBJC_ISA_USAGE = YES_ERROR;
				CLANG_WARN_DOCUMENTATION_COMMENTS = YES;
				CLANG_WARN_EMPTY_BODY = YES;
				CLANG_WARN_ENUM_CONVERSION = YES;
				CLANG_WARN_INFINITE_RECURSION = YES;
				CLANG_WARN_INT_CONVERSION = YES;
				CLANG_WARN_NON_LITERAL_NULL_CONVERSION = YES;
				CLANG_WARN_OBJC_IMPLICIT_RETAIN_SELF = YES;
				CLANG_WARN_OBJC_LITERAL_CONVERSION = YES;
				CLANG_WARN_OBJC_ROOT_CLASS = YES_ERROR;
				CLANG_WARN_QUOTED_INCLUDE_IN_FRAMEWORK_HEADER = YES;
				CLANG_WARN_RANGE_LOOP_ANALYSIS = YES;
				CLANG_WARN_STRICT_PROTOTYPES = YES;
				CLANG_WARN_SUSPICIOUS_MOVE = YES;
				CLANG_WARN_UNGUARDED_AVAILABILITY = YES_AGGRESSIVE;
				CLANG_WARN_UNREACHABLE_CODE = YES;
				CLANG_WARN__DUPLICATE_METHOD_MATCH = YES;
				COPY_PHASE_STRIP = NO;
				DEBUG_INFORMATION_FORMAT = dwarf;
				ENABLE_STRICT_OBJC_MSGSEND = YES;
				ENABLE_TESTABILITY = YES;
				GCC_C_LANGUAGE_STANDARD = gnu11;
				GCC_DYNAMIC_NO_PIC = NO;
				GCC_NO_COMMON_BLOCKS = YES;
				GCC_OPTIMIZATION_LEVEL = 0;
				GCC_PREPROCESSOR_DEFINITIONS = (
					"DEBUG=1",
					"$(inherited)",
				);
				GCC_WARN_64_TO_32_BIT_CONVERSION = YES;
				GCC_WARN_ABOUT_RETURN_TYPE = YES_ERROR;
				GCC_WARN_UNDECLARED_SELECTOR = YES;
				GCC_WARN_UNINITIALIZED_AUTOS = YES_AGGRESSIVE;
				GCC_WARN_UNUSED_FUNCTION = YES;
				GCC_WARN_UNUSED_VARIABLE = YES;
				IPHONEOS_DEPLOYMENT_TARGET = 16.4;
				MTL_ENABLE_DEBUG_INFO = INCLUDE_SOURCE;
				MTL_FAST_MATH = YES;
				ONLY_ACTIVE_ARCH = YES;
				SDKROOT = iphoneos;
			};
			name = Debug;
		};
		204D5F422AA6F2FD00AE8BEC /* Release */ = {
			isa = XCBuildConfiguration;
			buildSettings = {
				ALWAYS_SEARCH_USER_PATHS = NO;
				CLANG_ANALYZER_NONNULL = YES;
				CLANG_ANALYZER_NUMBER_OBJECT_CONVERSION = YES_AGGRESSIVE;
				CLANG_CXX_LANGUAGE_STANDARD = "gnu++20";
				CLANG_ENABLE_MODULES = YES;
				CLANG_ENABLE_OBJC_ARC = YES;
				CLANG_ENABLE_OBJC_WEAK = YES;
				CLANG_WARN_BLOCK_CAPTURE_AUTORELEASING = YES;
				CLANG_WARN_BOOL_CONVERSION = YES;
				CLANG_WARN_COMMA = YES;
				CLANG_WARN_CONSTANT_CONVERSION = YES;
				CLANG_WARN_DEPRECATED_OBJC_IMPLEMENTATIONS = YES;
				CLANG_WARN_DIRECT_OBJC_ISA_USAGE = YES_ERROR;
				CLANG_WARN_DOCUMENTATION_COMMENTS = YES;
				CLANG_WARN_EMPTY_BODY = YES;
				CLANG_WARN_ENUM_CONVERSION = YES;
				CLANG_WARN_INFINITE_RECURSION = YES;
				CLANG_WARN_INT_CONVERSION = YES;
				CLANG_WARN_NON_LITERAL_NULL_CONVERSION = YES;
				CLANG_WARN_OBJC_IMPLICIT_RETAIN_SELF = YES;
				CLANG_WARN_OBJC_LITERAL_CONVERSION = YES;
				CLANG_WARN_OBJC_ROOT_CLASS = YES_ERROR;
				CLANG_WARN_QUOTED_INCLUDE_IN_FRAMEWORK_HEADER = YES;
				CLANG_WARN_RANGE_LOOP_ANALYSIS = YES;
				CLANG_WARN_STRICT_PROTOTYPES = YES;
				CLANG_WARN_SUSPICIOUS_MOVE = YES;
				CLANG_WARN_UNGUARDED_AVAILABILITY = YES_AGGRESSIVE;
				CLANG_WARN_UNREACHABLE_CODE = YES;
				CLANG_WARN__DUPLICATE_METHOD_MATCH = YES;
				COPY_PHASE_STRIP = NO;
				DEBUG_INFORMATION_FORMAT = "dwarf-with-dsym";
				ENABLE_NS_ASSERTIONS = NO;
				ENABLE_STRICT_OBJC_MSGSEND = YES;
				GCC_C_LANGUAGE_STANDARD = gnu11;
				GCC_NO_COMMON_BLOCKS = YES;
				GCC_WARN_64_TO_32_BIT_CONVERSION = YES;
				GCC_WARN_ABOUT_RETURN_TYPE = YES_ERROR;
				GCC_WARN_UNDECLARED_SELECTOR = YES;
				GCC_WARN_UNINITIALIZED_AUTOS = YES_AGGRESSIVE;
				GCC_WARN_UNUSED_FUNCTION = YES;
				GCC_WARN_UNUSED_VARIABLE = YES;
				IPHONEOS_DEPLOYMENT_TARGET = 16.4;
				MTL_ENABLE_DEBUG_INFO = NO;
				MTL_FAST_MATH = YES;
				SDKROOT = iphoneos;
				VALIDATE_PRODUCT = YES;
			};
			name = Release;
		};
		204D5F442AA6F2FD00AE8BEC /* Debug */ = {
			isa = XCBuildConfiguration;
			buildSettings = {
				ASSETCATALOG_COMPILER_APPICON_NAME = AppIcon;
				ASSETCATALOG_COMPILER_GLOBAL_ACCENT_COLOR_NAME = AccentColor;
				CODE_SIGN_STYLE = Automatic;
				CURRENT_PROJECT_VERSION = 1;
				DEVELOPMENT_TEAM = 2B2MV3W42N;
				GENERATE_INFOPLIST_FILE = YES;
				INFOPLIST_FILE = totp/Info.plist;
				INFOPLIST_KEY_LSSupportsOpeningDocumentsInPlace = YES;
				INFOPLIST_KEY_NSFaceIDUsageDescription = "User Authentication by SEP-backed Key";
				INFOPLIST_KEY_UIApplicationSupportsIndirectInputEvents = YES;
				INFOPLIST_KEY_UILaunchStoryboardName = LaunchScreen;
				INFOPLIST_KEY_UIMainStoryboardFile = Main;
				INFOPLIST_KEY_UISupportedInterfaceOrientations = UIInterfaceOrientationPortrait;
				INFOPLIST_KEY_UISupportedInterfaceOrientations_iPad = "UIInterfaceOrientationLandscapeLeft UIInterfaceOrientationLandscapeRight UIInterfaceOrientationPortrait UIInterfaceOrientationPortraitUpsideDown";
				INFOPLIST_KEY_UISupportsDocumentBrowser = YES;
				IPHONEOS_DEPLOYMENT_TARGET = 13.0;
				LD_RUNPATH_SEARCH_PATHS = (
					"$(inherited)",
					"@executable_path/Frameworks",
				);
				MARKETING_VERSION = 1.0;
				PRODUCT_BUNDLE_IDENTIFIER = com.ilufang.totp;
				PRODUCT_NAME = "$(TARGET_NAME)";
				SWIFT_EMIT_LOC_STRINGS = YES;
				TARGETED_DEVICE_FAMILY = "1,2";
			};
			name = Debug;
		};
		204D5F452AA6F2FD00AE8BEC /* Release */ = {
			isa = XCBuildConfiguration;
			buildSettings = {
				ASSETCATALOG_COMPILER_APPICON_NAME = AppIcon;
				ASSETCATALOG_COMPILER_GLOBAL_ACCENT_COLOR_NAME = AccentColor;
				CODE_SIGN_STYLE = Automatic;
				CURRENT_PROJECT_VERSION = 1;
				DEVELOPMENT_TEAM = 2B2MV3W42N;
				GENERATE_INFOPLIST_FILE = YES;
				INFOPLIST_FILE = totp/Info.plist;
				INFOPLIST_KEY_LSSupportsOpeningDocumentsInPlace = YES;
				INFOPLIST_KEY_NSFaceIDUsageDescription = "User Authentication by SEP-backed Key";
				INFOPLIST_KEY_UIApplicationSupportsIndirectInputEvents = YES;
				INFOPLIST_KEY_UILaunchStoryboardName = LaunchScreen;
				INFOPLIST_KEY_UIMainStoryboardFile = Main;
				INFOPLIST_KEY_UISupportedInterfaceOrientations = UIInterfaceOrientationPortrait;
				INFOPLIST_KEY_UISupportedInterfaceOrientations_iPad = "UIInterfaceOrientationLandscapeLeft UIInterfaceOrientationLandscapeRight UIInterfaceOrientationPortrait UIInterfaceOrientationPortraitUpsideDown";
				INFOPLIST_KEY_UISupportsDocumentBrowser = YES;
				IPHONEOS_DEPLOYMENT_TARGET = 13.0;
				LD_RUNPATH_SEARCH_PATHS = (
					"$(inherited)",
					"@executable_path/Frameworks",
				);
				MARKETING_VERSION = 1.0;
				PRODUCT_BUNDLE_IDENTIFIER = com.ilufang.totp;
				PRODUCT_NAME = "$(TARGET_NAME)";
				SWIFT_EMIT_LOC_STRINGS = YES;
				TARGETED_DEVICE_FAMILY = "1,2";
			};
			name = Release;
		};
/* End XCBuildConfiguration section */

/* Begin XCConfigurationList section */
		204D5F252AA6F2FC00AE8BEC /* Build configuration list for PBXProject "totp" */ = {
			isa = XCConfigurationList;
			buildConfigurations = (
				204D5F412AA6F2FD00AE8BEC /* Debug */,
				204D5F422AA6F2FD00AE8BEC /* Release */,
			);
			defaultConfigurationIsVisible = 0;
			defaultConfigurationName = Release;
		};
		204D5F432AA6F2FD00AE8BEC /* Build configuration list for PBXNativeTarget "totp" */ = {
			isa = XCConfigurationList;
			buildConfigurations = (
				204D5F442AA6F2FD00AE8BEC /* Debug */,
				204D5F452AA6F2FD00AE8BEC /* Release */,
			);
			defaultConfigurationIsVisible = 0;
			defaultConfigurationName = Release;
		};
/* End XCConfigurationList section */
	};
	rootObject = 204D5F222AA6F2FC00AE8BEC /* Project object */;
}
